
Microsoft Visual Studio Solution File, Format Version 12.00
# Visual Studio Version 16
VisualStudioVersion = 16.0.32228.343
MinimumVisualStudioVersion = 10.0.40219.1
Project("{FAE04EC0-301F-11D3-BF4B-00C04F79EFBC}") = "PinjemIn", "PinjemIn\PinjemIn.csproj", "{D6D22FEA-BD9A-42DD-AAED-5E090CAC17E3}"
EndProject
Global
	GlobalSection(SolutionConfigurationPlatforms) = preSolution
		Debug|Any CPU = Debug|Any CPU
		Release|Any CPU = Release|Any CPU
	EndGlobalSection
	GlobalSection(ProjectConfigurationPlatforms) = postSolution
		{D6D22FEA-BD9A-42DD-AAED-5E090CAC17E3}.Debug|Any CPU.ActiveCfg = Debug|Any CPU
		{D6D22FEA-BD9A-42DD-AAED-5E090CAC17E3}.Debug|Any CPU.Build.0 = Debug|Any CPU
		{D6D22FEA-BD9A-42DD-AAED-5E090CAC17E3}.Release|Any CPU.ActiveCfg = Release|Any CPU
		{D6D22FEA-BD9A-42DD-AAED-5E090CAC17E3}.Release|Any CPU.Build.0 = Release|Any CPU
	EndGlobalSection
	GlobalSection(SolutionProperties) = preSolution
		HideSolutionNode = FALSE
	EndGlobalSection
	GlobalSection(ExtensibilityGlobals) = postSolution
		SolutionGuid = {AB911D2D-EA72-4355-A9E6-1EA9BCF8748C}
	EndGlobalSection
EndGlobal
